
Microsoft Visual Studio Solution File, Format Version 12.00
Project("{FAE04EC0-301F-11D3-BF4B-00C04F79EFBC}") = "LibrarySystem", "LibrarySystem\LibrarySystem.csproj", "{805369FB-6DA9-49D1-8DAF-FD165ED8C0B9}"
EndProject
Global
	GlobalSection(SolutionConfigurationPlatforms) = preSolution
		Debug|Any CPU = Debug|Any CPU
		Release|Any CPU = Release|Any CPU
	EndGlobalSection
	GlobalSection(ProjectConfigurationPlatforms) = postSolution
		{805369FB-6DA9-49D1-8DAF-FD165ED8C0B9}.Debug|Any CPU.ActiveCfg = Debug|Any CPU
		{805369FB-6DA9-49D1-8DAF-FD165ED8C0B9}.Debug|Any CPU.Build.0 = Debug|Any CPU
		{805369FB-6DA9-49D1-8DAF-FD165ED8C0B9}.Release|Any CPU.ActiveCfg = Release|Any CPU
		{805369FB-6DA9-49D1-8DAF-FD165ED8C0B9}.Release|Any CPU.Build.0 = Release|Any CPU
	EndGlobalSection
EndGlobal
